PODS:
  - Alamofire (5.10.2)
  - KeychainAccess (4.2.2)
  - SwiftyJSON (4.3.0)

DEPENDENCIES:
  - Alamofire
  - KeychainAccess
  - SwiftyJSON (~> 4.0)

SPEC REPOS:
  trunk:
    - Alamofire
    - KeychainAccess
    - SwiftyJSON

SPEC CHECKSUMS:
  Alamofire: 7193b3b92c74a07f85569e1a6c4f4237291e7496
  KeychainAccess: c0c4f7f38f6fc7bbe58f5702e25f7bd2f65abf51
  SwiftyJSON: 6faa0040f8b59dead0ee07436cbf76b73c08fd08

PODFILE CHECKSUM: 715e5946348f9f3c27f4b794ae24856137b9631a

COCOAPODS: 1.16.2
